
Microsoft Visual Studio Solution File, Format Version 12.00
# Visual Studio Version 16
VisualStudioVersion = 16.0.28922.388
MinimumVisualStudioVersion = 10.0.40219.1
Project("{FAE04EC0-301F-11D3-BF4B-00C04F79EFBC}") = "015 アクセシビリティ", "015 アクセシビリティ\015 アクセシビリティ.csproj", "{C49691F3-9FF0-4E43-828C-E88C5F484620}"
EndProject
Global
	GlobalSection(SolutionConfigurationPlatforms) = preSolution
		Debug|Any CPU = Debug|Any CPU
		Release|Any CPU = Release|Any CPU
	EndGlobalSection
	GlobalSection(ProjectConfigurationPlatforms) = postSolution
		{C49691F3-9FF0-4E43-828C-E88C5F484620}.Debug|Any CPU.ActiveCfg = Debug|Any CPU
		{C49691F3-9FF0-4E43-828C-E88C5F484620}.Debug|Any CPU.Build.0 = Debug|Any CPU
		{C49691F3-9FF0-4E43-828C-E88C5F484620}.Release|Any CPU.ActiveCfg = Release|Any CPU
		{C49691F3-9FF0-4E43-828C-E88C5F484620}.Release|Any CPU.Build.0 = Release|Any CPU
	EndGlobalSection
	GlobalSection(SolutionProperties) = preSolution
		HideSolutionNode = FALSE
	EndGlobalSection
	GlobalSection(ExtensibilityGlobals) = postSolution
		SolutionGuid = {6D913122-2321-445D-8CD3-AA06F8C47272}
	EndGlobalSection
EndGlobal
