
Microsoft Visual Studio Solution File, Format Version 12.00
# Visual Studio Version 16
VisualStudioVersion = 16.0.29009.5
MinimumVisualStudioVersion = 10.0.40219.1
Project("{FAE04EC0-301F-11D3-BF4B-00C04F79EFBC}") = "016 インターフェース", "016 インターフェース\016 インターフェース.csproj", "{8DCE8C69-A2E9-44BF-85B8-1B4EC33ECA46}"
EndProject
Global
	GlobalSection(SolutionConfigurationPlatforms) = preSolution
		Debug|Any CPU = Debug|Any CPU
		Release|Any CPU = Release|Any CPU
	EndGlobalSection
	GlobalSection(ProjectConfigurationPlatforms) = postSolution
		{8DCE8C69-A2E9-44BF-85B8-1B4EC33ECA46}.Debug|Any CPU.ActiveCfg = Debug|Any CPU
		{8DCE8C69-A2E9-44BF-85B8-1B4EC33ECA46}.Debug|Any CPU.Build.0 = Debug|Any CPU
		{8DCE8C69-A2E9-44BF-85B8-1B4EC33ECA46}.Release|Any CPU.ActiveCfg = Release|Any CPU
		{8DCE8C69-A2E9-44BF-85B8-1B4EC33ECA46}.Release|Any CPU.Build.0 = Release|Any CPU
	EndGlobalSection
	GlobalSection(SolutionProperties) = preSolution
		HideSolutionNode = FALSE
	EndGlobalSection
	GlobalSection(ExtensibilityGlobals) = postSolution
		SolutionGuid = {33964F26-F5BE-4798-816C-07D71CC90FF1}
	EndGlobalSection
EndGlobal
