
Microsoft Visual Studio Solution File, Format Version 12.00
# Visual Studio 15
VisualStudioVersion = 15.0.28306.52
MinimumVisualStudioVersion = 10.0.40219.1
Project("{FAE04EC0-301F-11D3-BF4B-00C04F79EFBC}") = "003 条件分岐", "003 条件分岐\003 条件分岐.csproj", "{6F2ADE17-F109-4646-936C-ADC176ED069A}"
EndProject
Global
	GlobalSection(SolutionConfigurationPlatforms) = preSolution
		Debug|Any CPU = Debug|Any CPU
		Release|Any CPU = Release|Any CPU
	EndGlobalSection
	GlobalSection(ProjectConfigurationPlatforms) = postSolution
		{6F2ADE17-F109-4646-936C-ADC176ED069A}.Debug|Any CPU.ActiveCfg = Debug|Any CPU
		{6F2ADE17-F109-4646-936C-ADC176ED069A}.Debug|Any CPU.Build.0 = Debug|Any CPU
		{6F2ADE17-F109-4646-936C-ADC176ED069A}.Release|Any CPU.ActiveCfg = Release|Any CPU
		{6F2ADE17-F109-4646-936C-ADC176ED069A}.Release|Any CPU.Build.0 = Release|Any CPU
	EndGlobalSection
	GlobalSection(SolutionProperties) = preSolution
		HideSolutionNode = FALSE
	EndGlobalSection
	GlobalSection(ExtensibilityGlobals) = postSolution
		SolutionGuid = {3C186F1F-9FD5-459A-A972-5C1793C9F7FB}
	EndGlobalSection
EndGlobal
